Microsoft Visual Studio Solution File, Format Version 12.00
# Visual Studio Version 17
VisualStudioVersion = 17.5.2.0
MinimumVisualStudioVersion = 10.0.40219.1
Project("{FAE04EC0-301F-11D3-BF4B-00C04F79EFBC}") = "Crudman", "Crudman.csproj", "{74BF348D-375E-97A0-D594-7EEC49E4BCBE}"
EndProject
Global
	GlobalSection(SolutionConfigurationPlatforms) = preSolution
		Debug|Any CPU = Debug|Any CPU
		Release|Any CPU = Release|Any CPU
	EndGlobalSection
	GlobalSection(ProjectConfigurationPlatforms) = postSolution
		{74BF348D-375E-97A0-D594-7EEC49E4BCBE}.Debug|Any CPU.ActiveCfg = Debug|Any CPU
		{74BF348D-375E-97A0-D594-7EEC49E4BCBE}.Debug|Any CPU.Build.0 = Debug|Any CPU
		{74BF348D-375E-97A0-D594-7EEC49E4BCBE}.Release|Any CPU.ActiveCfg = Release|Any CPU
		{74BF348D-375E-97A0-D594-7EEC49E4BCBE}.Release|Any CPU.Build.0 = Release|Any CPU
	EndGlobalSection
	GlobalSection(SolutionProperties) = preSolution
		HideSolutionNode = FALSE
	EndGlobalSection
	GlobalSection(ExtensibilityGlobals) = postSolution
		SolutionGuid = {EB5DBDA8-9126-4FB7-A1C0-763F9BB4833D}
	EndGlobalSection
EndGlobal
